
Microsoft Visual Studio Solution File, Format Version 12.00
# Visual Studio 15
VisualStudioVersion = 15.0.28307.705
MinimumVisualStudioVersion = 10.0.40219.1
Project("{9A19103F-16F7-4668-BE54-9A1E7A4F7556}") = "CardCounterLib", "CardCounterLib\CardCounterLib.csproj", "{B9E31788-2E73-42BD-B2FB-E2438B4BEBC2}"
EndProject
Project("{9A19103F-16F7-4668-BE54-9A1E7A4F7556}") = "ConsoleCardCounter", "ConsoleCardCounter\ConsoleCardCounter.csproj", "{0D625BAC-6337-438C-A8BD-928FDA625823}"
EndProject
Project("{FAE04EC0-301F-11D3-BF4B-00C04F79EFBC}") = "WindowsFormsCardCounter", "WindowsFormsCardCounter\WindowsFormsCardCounter.csproj", "{398BA49F-C61E-4B05-B699-97F5377DB24E}"
EndProject
Global
	GlobalSection(SolutionConfigurationPlatforms) = preSolution
		Debug|Any CPU = Debug|Any CPU
		Release|Any CPU = Release|Any CPU
	EndGlobalSection
	GlobalSection(ProjectConfigurationPlatforms) = postSolution
		{B9E31788-2E73-42BD-B2FB-E2438B4BEBC2}.Debug|Any CPU.ActiveCfg = Debug|Any CPU
		{B9E31788-2E73-42BD-B2FB-E2438B4BEBC2}.Debug|Any CPU.Build.0 = Debug|Any CPU
		{B9E31788-2E73-42BD-B2FB-E2438B4BEBC2}.Release|Any CPU.ActiveCfg = Release|Any CPU
		{B9E31788-2E73-42BD-B2FB-E2438B4BEBC2}.Release|Any CPU.Build.0 = Release|Any CPU
		{0D625BAC-6337-438C-A8BD-928FDA625823}.Debug|Any CPU.ActiveCfg = Debug|Any CPU
		{0D625BAC-6337-438C-A8BD-928FDA625823}.Debug|Any CPU.Build.0 = Debug|Any CPU
		{0D625BAC-6337-438C-A8BD-928FDA625823}.Release|Any CPU.ActiveCfg = Release|Any CPU
		{0D625BAC-6337-438C-A8BD-928FDA625823}.Release|Any CPU.Build.0 = Release|Any CPU
		{398BA49F-C61E-4B05-B699-97F5377DB24E}.Debug|Any CPU.ActiveCfg = Debug|Any CPU
		{398BA49F-C61E-4B05-B699-97F5377DB24E}.Debug|Any CPU.Build.0 = Debug|Any CPU
		{398BA49F-C61E-4B05-B699-97F5377DB24E}.Release|Any CPU.ActiveCfg = Release|Any CPU
		{398BA49F-C61E-4B05-B699-97F5377DB24E}.Release|Any CPU.Build.0 = Release|Any CPU
	EndGlobalSection
	GlobalSection(SolutionProperties) = preSolution
		HideSolutionNode = FALSE
	EndGlobalSection
	GlobalSection(ExtensibilityGlobals) = postSolution
		SolutionGuid = {DC97439F-ED2D-4813-9110-BCEEA6E02853}
	EndGlobalSection
EndGlobal
