
Microsoft Visual Studio Solution File, Format Version 12.00
# Visual Studio Version 17
VisualStudioVersion = 17.10.35122.118
MinimumVisualStudioVersion = 10.0.40219.1
Project("{9A19103F-16F7-4668-BE54-9A1E7A4F7556}") = "HospitalBed", "HospitalBed\HospitalBed.csproj", "{F38ECB49-E4A6-420B-B1FE-EE9F1C530329}"
EndProject
Project("{FAE04EC0-301F-11D3-BF4B-00C04F79EFBC}") = "HospitalBedApp", "HospitalBedApp\HospitalBedApp.csproj", "{10EAC6DF-AFFF-4D60-A22F-56D202E2866E}"
EndProject
Global
	GlobalSection(SolutionConfigurationPlatforms) = preSolution
		Debug|Any CPU = Debug|Any CPU
		Release|Any CPU = Release|Any CPU
	EndGlobalSection
	GlobalSection(ProjectConfigurationPlatforms) = postSolution
		{F38ECB49-E4A6-420B-B1FE-EE9F1C530329}.Debug|Any CPU.ActiveCfg = Debug|Any CPU
		{F38ECB49-E4A6-420B-B1FE-EE9F1C530329}.Debug|Any CPU.Build.0 = Debug|Any CPU
		{F38ECB49-E4A6-420B-B1FE-EE9F1C530329}.Release|Any CPU.ActiveCfg = Release|Any CPU
		{F38ECB49-E4A6-420B-B1FE-EE9F1C530329}.Release|Any CPU.Build.0 = Release|Any CPU
		{10EAC6DF-AFFF-4D60-A22F-56D202E2866E}.Debug|Any CPU.ActiveCfg = Debug|Any CPU
		{10EAC6DF-AFFF-4D60-A22F-56D202E2866E}.Debug|Any CPU.Build.0 = Debug|Any CPU
		{10EAC6DF-AFFF-4D60-A22F-56D202E2866E}.Release|Any CPU.ActiveCfg = Release|Any CPU
		{10EAC6DF-AFFF-4D60-A22F-56D202E2866E}.Release|Any CPU.Build.0 = Release|Any CPU
	EndGlobalSection
	GlobalSection(SolutionProperties) = preSolution
		HideSolutionNode = FALSE
	EndGlobalSection
EndGlobal
