
Microsoft Visual Studio Solution File, Format Version 12.00
Project("{FAE04EC0-301F-11D3-BF4B-00C04F79EFBC}") = "HospitalBed", "HospitalBed\HospitalBed.csproj", "{F38ECB49-E4A6-420B-B1FE-EE9F1C530329}"
EndProject
Project("{FAE04EC0-301F-11D3-BF4B-00C04F79EFBC}") = "HospitalBedApplication", "HospitalBedApplication\HospitalBedApplication.csproj", "{F3B9EEBA-BDEB-4E4D-8228-56E58887B17A}"
EndProject
Global
	GlobalSection(SolutionConfigurationPlatforms) = preSolution
		Debug|Any CPU = Debug|Any CPU
		Release|Any CPU = Release|Any CPU
	EndGlobalSection
	GlobalSection(ProjectConfigurationPlatforms) = postSolution
		{F38ECB49-E4A6-420B-B1FE-EE9F1C530329}.Debug|Any CPU.ActiveCfg = Debug|Any CPU
		{F38ECB49-E4A6-420B-B1FE-EE9F1C530329}.Debug|Any CPU.Build.0 = Debug|Any CPU
		{F38ECB49-E4A6-420B-B1FE-EE9F1C530329}.Release|Any CPU.ActiveCfg = Release|Any CPU
		{F38ECB49-E4A6-420B-B1FE-EE9F1C530329}.Release|Any CPU.Build.0 = Release|Any CPU
		{F3B9EEBA-BDEB-4E4D-8228-56E58887B17A}.Debug|Any CPU.ActiveCfg = Debug|Any CPU
		{F3B9EEBA-BDEB-4E4D-8228-56E58887B17A}.Debug|Any CPU.Build.0 = Debug|Any CPU
		{F3B9EEBA-BDEB-4E4D-8228-56E58887B17A}.Release|Any CPU.ActiveCfg = Release|Any CPU
		{F3B9EEBA-BDEB-4E4D-8228-56E58887B17A}.Release|Any CPU.Build.0 = Release|Any CPU
	EndGlobalSection
EndGlobal
