
Microsoft Visual Studio Solution File, Format Version 12.00
# Visual Studio 15
VisualStudioVersion = 15.0.27004.2009
MinimumVisualStudioVersion = 10.0.40219.1
Project("{FAE04EC0-301F-11D3-BF4B-00C04F79EFBC}") = "HospitalBed.Application", "HospitalBed.Application\HospitalBed.Application.csproj", "{3074EEB8-D517-47C9-9977-700A7AD2A8A0}"
EndProject
Project("{FAE04EC0-301F-11D3-BF4B-00C04F79EFBC}") = "HospitalBed", "HospitalBed\HospitalBed.csproj", "{45C090B5-52B0-41D3-99AE-7508F1F1FA29}"
EndProject
Project("{FAE04EC0-301F-11D3-BF4B-00C04F79EFBC}") = "HospitalBed.Test.Unit", "HospitalBed.Test.Unit\HospitalBed.Test.Unit.csproj", "{363836D9-04BC-4497-B375-55083179D4CF}"
EndProject
Global
	GlobalSection(SolutionConfigurationPlatforms) = preSolution
		Debug|Any CPU = Debug|Any CPU
		Release|Any CPU = Release|Any CPU
	EndGlobalSection
	GlobalSection(ProjectConfigurationPlatforms) = postSolution
		{3074EEB8-D517-47C9-9977-700A7AD2A8A0}.Debug|Any CPU.ActiveCfg = Debug|Any CPU
		{3074EEB8-D517-47C9-9977-700A7AD2A8A0}.Debug|Any CPU.Build.0 = Debug|Any CPU
		{3074EEB8-D517-47C9-9977-700A7AD2A8A0}.Release|Any CPU.ActiveCfg = Release|Any CPU
		{3074EEB8-D517-47C9-9977-700A7AD2A8A0}.Release|Any CPU.Build.0 = Release|Any CPU
		{45C090B5-52B0-41D3-99AE-7508F1F1FA29}.Debug|Any CPU.ActiveCfg = Debug|Any CPU
		{45C090B5-52B0-41D3-99AE-7508F1F1FA29}.Debug|Any CPU.Build.0 = Debug|Any CPU
		{45C090B5-52B0-41D3-99AE-7508F1F1FA29}.Release|Any CPU.ActiveCfg = Release|Any CPU
		{45C090B5-52B0-41D3-99AE-7508F1F1FA29}.Release|Any CPU.Build.0 = Release|Any CPU
		{363836D9-04BC-4497-B375-55083179D4CF}.Debug|Any CPU.ActiveCfg = Debug|Any CPU
		{363836D9-04BC-4497-B375-55083179D4CF}.Debug|Any CPU.Build.0 = Debug|Any CPU
		{363836D9-04BC-4497-B375-55083179D4CF}.Release|Any CPU.ActiveCfg = Release|Any CPU
		{363836D9-04BC-4497-B375-55083179D4CF}.Release|Any CPU.Build.0 = Release|Any CPU
	EndGlobalSection
	GlobalSection(SolutionProperties) = preSolution
		HideSolutionNode = FALSE
	EndGlobalSection
	GlobalSection(ExtensibilityGlobals) = postSolution
		SolutionGuid = {5769BB2D-6E0C-47D6-B6B1-5364792B97E3}
	EndGlobalSection
EndGlobal
