
Microsoft Visual Studio Solution File, Format Version 12.00
# Visual Studio Version 17
VisualStudioVersion = 17.14.36401.2 d17.14
MinimumVisualStudioVersion = 10.0.40219.1
Project("{FAE04EC0-301F-11D3-BF4B-00C04F79EFBC}") = "ConsoleApp1", "ConsoleApp1.csproj", "{213734EA-3245-4CC2-8E44-85F8590C48FC}"
EndProject
Global
	GlobalSection(SolutionConfigurationPlatforms) = preSolution
		Debug|Any CPU = Debug|Any CPU
		Release|Any CPU = Release|Any CPU
	EndGlobalSection
	GlobalSection(ProjectConfigurationPlatforms) = postSolution
		{213734EA-3245-4CC2-8E44-85F8590C48FC}.Debug|Any CPU.ActiveCfg = Debug|Any CPU
		{213734EA-3245-4CC2-8E44-85F8590C48FC}.Debug|Any CPU.Build.0 = Debug|Any CPU
		{213734EA-3245-4CC2-8E44-85F8590C48FC}.Release|Any CPU.ActiveCfg = Release|Any CPU
		{213734EA-3245-4CC2-8E44-85F8590C48FC}.Release|Any CPU.Build.0 = Release|Any CPU
	EndGlobalSection
	GlobalSection(SolutionProperties) = preSolution
		HideSolutionNode = FALSE
	EndGlobalSection
	GlobalSection(ExtensibilityGlobals) = postSolution
		SolutionGuid = {BBD505F3-C1D0-4FD3-8B07-A242106D22C8}
	EndGlobalSection
EndGlobal
