
Microsoft Visual Studio Solution File, Format Version 12.00
# Visual Studio Version 17
VisualStudioVersion = 17.5.33424.131
MinimumVisualStudioVersion = 10.0.40219.1
Project("{FAE04EC0-301F-11D3-BF4B-00C04F79EFBC}") = "ResetEvents", "ResetEvents\ResetEvents.csproj", "{4F5056C1-C200-4011-BEA1-3464F040AD0E}"
EndProject
Project("{FAE04EC0-301F-11D3-BF4B-00C04F79EFBC}") = "ObserverWithResetEventsWaterLevel", "ObserverWithResetEventsWaterLevel\ObserverWithResetEventsWaterLevel.csproj", "{33530C8A-5B4C-4D93-82B1-F2B123CACE61}"
EndProject
Global
	GlobalSection(SolutionConfigurationPlatforms) = preSolution
		Debug|Any CPU = Debug|Any CPU
		Release|Any CPU = Release|Any CPU
	EndGlobalSection
	GlobalSection(ProjectConfigurationPlatforms) = postSolution
		{4F5056C1-C200-4011-BEA1-3464F040AD0E}.Debug|Any CPU.ActiveCfg = Debug|Any CPU
		{4F5056C1-C200-4011-BEA1-3464F040AD0E}.Debug|Any CPU.Build.0 = Debug|Any CPU
		{4F5056C1-C200-4011-BEA1-3464F040AD0E}.Release|Any CPU.ActiveCfg = Release|Any CPU
		{4F5056C1-C200-4011-BEA1-3464F040AD0E}.Release|Any CPU.Build.0 = Release|Any CPU
		{33530C8A-5B4C-4D93-82B1-F2B123CACE61}.Debug|Any CPU.ActiveCfg = Debug|Any CPU
		{33530C8A-5B4C-4D93-82B1-F2B123CACE61}.Debug|Any CPU.Build.0 = Debug|Any CPU
		{33530C8A-5B4C-4D93-82B1-F2B123CACE61}.Release|Any CPU.ActiveCfg = Release|Any CPU
		{33530C8A-5B4C-4D93-82B1-F2B123CACE61}.Release|Any CPU.Build.0 = Release|Any CPU
	EndGlobalSection
	GlobalSection(SolutionProperties) = preSolution
		HideSolutionNode = FALSE
	EndGlobalSection
	GlobalSection(ExtensibilityGlobals) = postSolution
		SolutionGuid = {EE4753F0-7EA5-467E-ACB3-455E106FB073}
	EndGlobalSection
EndGlobal
