
Microsoft Visual Studio Solution File, Format Version 12.00
# Visual Studio Version 17
VisualStudioVersion = 17.5.33424.131
MinimumVisualStudioVersion = 10.0.40219.1
Project("{FAE04EC0-301F-11D3-BF4B-00C04F79EFBC}") = "ECG Producer Consumer", "ECG Producer Consumer.csproj", "{F90B2C50-1326-47C0-80E7-763E330801AC}"
EndProject
Global
	GlobalSection(SolutionConfigurationPlatforms) = preSolution
		Debug|Any CPU = Debug|Any CPU
		Release|Any CPU = Release|Any CPU
	EndGlobalSection
	GlobalSection(ProjectConfigurationPlatforms) = postSolution
		{F90B2C50-1326-47C0-80E7-763E330801AC}.Debug|Any CPU.ActiveCfg = Debug|Any CPU
		{F90B2C50-1326-47C0-80E7-763E330801AC}.Debug|Any CPU.Build.0 = Debug|Any CPU
		{F90B2C50-1326-47C0-80E7-763E330801AC}.Release|Any CPU.ActiveCfg = Release|Any CPU
		{F90B2C50-1326-47C0-80E7-763E330801AC}.Release|Any CPU.Build.0 = Release|Any CPU
	EndGlobalSection
	GlobalSection(SolutionProperties) = preSolution
		HideSolutionNode = FALSE
	EndGlobalSection
	GlobalSection(ExtensibilityGlobals) = postSolution
		SolutionGuid = {7DAE8C9E-A750-4DC2-B931-2BA7A366C650}
	EndGlobalSection
EndGlobal
