
Microsoft Visual Studio Solution File, Format Version 12.00
# Visual Studio Version 16
VisualStudioVersion = 16.0.30503.244
MinimumVisualStudioVersion = 10.0.40219.1
Project("{FAE04EC0-301F-11D3-BF4B-00C04F79EFBC}") = "WpfExample", "WpfExample\WpfExample.csproj", "{DEA4EE09-BAEE-48A2-816B-AA4E09EE33B0}"
EndProject
Project("{FAE04EC0-301F-11D3-BF4B-00C04F79EFBC}") = "CardCounterWPF-MVVM", "CardCounterWPF-MVVM\CardCounterWPF-MVVM.csproj", "{8CFAC6C0-C9B9-4768-A7AC-5F921C629DD1}"
EndProject
Global
	GlobalSection(SolutionConfigurationPlatforms) = preSolution
		Debug|Any CPU = Debug|Any CPU
		Release|Any CPU = Release|Any CPU
	EndGlobalSection
	GlobalSection(ProjectConfigurationPlatforms) = postSolution
		{DEA4EE09-BAEE-48A2-816B-AA4E09EE33B0}.Debug|Any CPU.ActiveCfg = Debug|Any CPU
		{DEA4EE09-BAEE-48A2-816B-AA4E09EE33B0}.Debug|Any CPU.Build.0 = Debug|Any CPU
		{DEA4EE09-BAEE-48A2-816B-AA4E09EE33B0}.Release|Any CPU.ActiveCfg = Release|Any CPU
		{DEA4EE09-BAEE-48A2-816B-AA4E09EE33B0}.Release|Any CPU.Build.0 = Release|Any CPU
		{8CFAC6C0-C9B9-4768-A7AC-5F921C629DD1}.Debug|Any CPU.ActiveCfg = Debug|Any CPU
		{8CFAC6C0-C9B9-4768-A7AC-5F921C629DD1}.Debug|Any CPU.Build.0 = Debug|Any CPU
		{8CFAC6C0-C9B9-4768-A7AC-5F921C629DD1}.Release|Any CPU.ActiveCfg = Release|Any CPU
		{8CFAC6C0-C9B9-4768-A7AC-5F921C629DD1}.Release|Any CPU.Build.0 = Release|Any CPU
	EndGlobalSection
	GlobalSection(SolutionProperties) = preSolution
		HideSolutionNode = FALSE
	EndGlobalSection
	GlobalSection(ExtensibilityGlobals) = postSolution
		SolutionGuid = {9AA732D5-C172-44DC-9CE4-F6D9198FC2B8}
	EndGlobalSection
EndGlobal
