
Microsoft Visual Studio Solution File, Format Version 12.00
# Visual Studio Version 17
VisualStudioVersion = 17.14.36511.14 d17.14
MinimumVisualStudioVersion = 10.0.40219.1
Project("{FAE04EC0-301F-11D3-BF4B-00C04F79EFBC}") = "WeatherForecast", "WeatherForecast.csproj", "{D365D772-0C20-4CA8-9890-5E653E7BFABD}"
EndProject
Global
	GlobalSection(SolutionConfigurationPlatforms) = preSolution
		Debug|Any CPU = Debug|Any CPU
		Release|Any CPU = Release|Any CPU
	EndGlobalSection
	GlobalSection(ProjectConfigurationPlatforms) = postSolution
		{D365D772-0C20-4CA8-9890-5E653E7BFABD}.Debug|Any CPU.ActiveCfg = Debug|Any CPU
		{D365D772-0C20-4CA8-9890-5E653E7BFABD}.Debug|Any CPU.Build.0 = Debug|Any CPU
		{D365D772-0C20-4CA8-9890-5E653E7BFABD}.Release|Any CPU.ActiveCfg = Release|Any CPU
		{D365D772-0C20-4CA8-9890-5E653E7BFABD}.Release|Any CPU.Build.0 = Release|Any CPU
	EndGlobalSection
	GlobalSection(SolutionProperties) = preSolution
		HideSolutionNode = FALSE
	EndGlobalSection
	GlobalSection(ExtensibilityGlobals) = postSolution
		SolutionGuid = {02CAC803-A6E8-46C5-939B-1EBEBB6762BB}
	EndGlobalSection
EndGlobal
